
Microsoft Visual Studio Solution File, Format Version 12.00
# Visual Studio Version 17
VisualStudioVersion = 17.13.35825.156
MinimumVisualStudioVersion = 10.0.40219.1
Project("{FAE04EC0-301F-11D3-BF4B-00C04F79EFBC}") = "scs-web-game", "scs-web-game.csproj", "{6FC5C31F-1177-4A36-8AFD-CB875E773DED}"
EndProject
Project("{FAE04EC0-301F-11D3-BF4B-00C04F79EFBC}") = "scs-web-game.test", "..\scs-web-game.test\scs-web-game.test.csproj", "{6ABAE5DB-E528-4535-92B3-138C20F0BB6B}"
EndProject
Global
	GlobalSection(SolutionConfigurationPlatforms) = preSolution
		Debug|Any CPU = Debug|Any CPU
		Release|Any CPU = Release|Any CPU
	EndGlobalSection
	GlobalSection(ProjectConfigurationPlatforms) = postSolution
		{6FC5C31F-1177-4A36-8AFD-CB875E773DED}.Debug|Any CPU.ActiveCfg = Debug|Any CPU
		{6FC5C31F-1177-4A36-8AFD-CB875E773DED}.Debug|Any CPU.Build.0 = Debug|Any CPU
		{6FC5C31F-1177-4A36-8AFD-CB875E773DED}.Release|Any CPU.ActiveCfg = Release|Any CPU
		{6FC5C31F-1177-4A36-8AFD-CB875E773DED}.Release|Any CPU.Build.0 = Release|Any CPU
		{6ABAE5DB-E528-4535-92B3-138C20F0BB6B}.Debug|Any CPU.ActiveCfg = Debug|Any CPU
		{6ABAE5DB-E528-4535-92B3-138C20F0BB6B}.Debug|Any CPU.Build.0 = Debug|Any CPU
		{6ABAE5DB-E528-4535-92B3-138C20F0BB6B}.Release|Any CPU.ActiveCfg = Release|Any CPU
		{6ABAE5DB-E528-4535-92B3-138C20F0BB6B}.Release|Any CPU.Build.0 = Release|Any CPU
	EndGlobalSection
	GlobalSection(SolutionProperties) = preSolution
		HideSolutionNode = FALSE
	EndGlobalSection
	GlobalSection(ExtensibilityGlobals) = postSolution
		SolutionGuid = {36A3962A-ACD8-4254-BCA5-D54A2F875039}
	EndGlobalSection
EndGlobal
