
Microsoft Visual Studio Solution File, Format Version 12.00
# Visual Studio Version 17
VisualStudioVersion = 17.13.35825.156 d17.13
MinimumVisualStudioVersion = 10.0.40219.1
Project("{54A90642-561A-4BB1-A94E-469ADEE60C69}") = "scs-web-game-frontend", "scs-web-game-frontend.esproj", "{7E17CE4C-6030-A3A0-5C6D-A720F93C3167}"
EndProject
Global
	GlobalSection(SolutionConfigurationPlatforms) = preSolution
		Debug|Any CPU = Debug|Any CPU
		Release|Any CPU = Release|Any CPU
	EndGlobalSection
	GlobalSection(ProjectConfigurationPlatforms) = postSolution
		{7E17CE4C-6030-A3A0-5C6D-A720F93C3167}.Debug|Any CPU.ActiveCfg = Debug|Any CPU
		{7E17CE4C-6030-A3A0-5C6D-A720F93C3167}.Debug|Any CPU.Build.0 = Debug|Any CPU
		{7E17CE4C-6030-A3A0-5C6D-A720F93C3167}.Debug|Any CPU.Deploy.0 = Debug|Any CPU
		{7E17CE4C-6030-A3A0-5C6D-A720F93C3167}.Release|Any CPU.ActiveCfg = Release|Any CPU
		{7E17CE4C-6030-A3A0-5C6D-A720F93C3167}.Release|Any CPU.Build.0 = Release|Any CPU
		{7E17CE4C-6030-A3A0-5C6D-A720F93C3167}.Release|Any CPU.Deploy.0 = Release|Any CPU
	EndGlobalSection
	GlobalSection(SolutionProperties) = preSolution
		HideSolutionNode = FALSE
	EndGlobalSection
	GlobalSection(ExtensibilityGlobals) = postSolution
		SolutionGuid = {E62897D9-0B27-483C-AEF5-4F740FCE76B3}
	EndGlobalSection
EndGlobal
